
Microsoft Visual Studio Solution File, Format Version 12.00
# Visual Studio 15
VisualStudioVersion = 15.0.28307.852
MinimumVisualStudioVersion = 10.0.40219.1
Project("{FAE04EC0-301F-11D3-BF4B-00C04F79EFBC}") = "Ahr.Psi.Application", "Ahr.Psi.Application\Ahr.Psi.Application.csproj", "{C107D790-6CA9-4858-A616-737AD8E9BBD9}"
EndProject
Global
	GlobalSection(SolutionConfigurationPlatforms) = preSolution
		Debug|Any CPU = Debug|Any CPU
		Release|Any CPU = Release|Any CPU
	EndGlobalSection
	GlobalSection(ProjectConfigurationPlatforms) = postSolution
		{C107D790-6CA9-4858-A616-737AD8E9BBD9}.Debug|Any CPU.ActiveCfg = Debug|Any CPU
		{C107D790-6CA9-4858-A616-737AD8E9BBD9}.Debug|Any CPU.Build.0 = Debug|Any CPU
		{C107D790-6CA9-4858-A616-737AD8E9BBD9}.Release|Any CPU.ActiveCfg = Release|Any CPU
		{C107D790-6CA9-4858-A616-737AD8E9BBD9}.Release|Any CPU.Build.0 = Release|Any CPU
	EndGlobalSection
	GlobalSection(SolutionProperties) = preSolution
		HideSolutionNode = FALSE
	EndGlobalSection
	GlobalSection(ExtensibilityGlobals) = postSolution
		SolutionGuid = {FE451814-5254-47CD-87D1-9818E62D9296}
	EndGlobalSection
EndGlobal
